<?xml version="1.0" encoding="utf-8"?>
<Project ToolsVersion="4.0" xmlns="http://schemas.microsoft.com/developer/msbuild/2003">
  <ItemGroup>
    <Filter Include="Source Files">
      <UniqueIdentifier>{4FC737F1-C7A5-4376-A066-2A32D752A2FF}</UniqueIdentifier>
      <Extensions>cpp;c;cc;cxx;def;odl;idl;hpj;bat;asm;asmx</Extensions>
    </Filter>
    <Filter Include="Header Files">
      <UniqueIdentifier>{93995380-89BD-4b04-88EB-625FBE52EBFB}</UniqueIdentifier>
      <Extensions>h;hh;hpp;hxx;hm;inl;inc;ipp;xsd</Extensions>
    </Filter>
    <Filter Include="Resource Files">
      <UniqueIdentifier>{67DA6AB6-F800-4c08-8B7A-83BB121AAD01}</UniqueIdentifier>
      <Extensions>rc;ico;cur;bmp;dlg;rc2;rct;bin;rgs;gif;jpg;jpeg;jpe;resx;tiff;tif;png;wav;mfcribbon-ms</Extensions>
    </Filter>
    <Filter Include="Resource Files\0. Fragment Shaders">
      <UniqueIdentifier>{676dd0e8-3cc9-4952-ad2a-2cdab7597736}</UniqueIdentifier>
    </Filter>
    <Filter Include="Resource Files\1. Vertex Shaders">
      <UniqueIdentifier>{ec5fa9a9-d400-4e8f-85e2-1ddefb227fea}</UniqueIdentifier>
    </Filter>
    <Filter Include="Resource Files\a. Textures">
      <UniqueIdentifier>{fc769703-f5da-4ac5-b5b1-f7c2466b3ca5}</UniqueIdentifier>
    </Filter>
    <Filter Include="Resource Files\_notes">
      <UniqueIdentifier>{97279670-d55a-42f7-95b2-28481d3d7226}</UniqueIdentifier>
    </Filter>
    <Filter Include="Resource Files\b. Models">
      <UniqueIdentifier>{44c03dab-6981-462f-8a17-109effda2d45}</UniqueIdentifier>
    </Filter>
    <Filter Include="Source Files\sundile">
      <UniqueIdentifier>{388c3d47-1504-4dc5-97af-5d0cf8a20c0c}</UniqueIdentifier>
    </Filter>
    <Filter Include="Source Files\sundile\ECS">
      <UniqueIdentifier>{ef56db62-e2dd-4aa4-b09f-ca7c00140217}</UniqueIdentifier>
    </Filter>
    <Filter Include="Source Files\sundile\System">
      <UniqueIdentifier>{ae527c78-c696-4c64-884a-295288adf28d}</UniqueIdentifier>
    </Filter>
    <Filter Include="Source Files\ext">
      <UniqueIdentifier>{29e224f0-46ce-4307-8b38-e06449135059}</UniqueIdentifier>
    </Filter>
    <Filter Include="Header Files\sundile">
      <UniqueIdentifier>{f2883847-94bb-4f38-a569-102d397ed624}</UniqueIdentifier>
    </Filter>
    <Filter Include="Header Files\sundile\ECS">
      <UniqueIdentifier>{798659cf-d17f-4316-8484-ba8963d42939}</UniqueIdentifier>
    </Filter>
    <Filter Include="Header Files\sundile\ECS\Components">
      <UniqueIdentifier>{7801feef-2242-41b1-91dc-3966993b8089}</UniqueIdentifier>
    </Filter>
    <Filter Include="Header Files\sundile\System">
      <UniqueIdentifier>{f6eb366f-fd9f-4806-8d3b-4dbb4281715b}</UniqueIdentifier>
    </Filter>
  </ItemGroup>
  <ItemGroup>
    <ClCompile Include="Renderer.cpp">
      <Filter>Source Files\sundile\System</Filter>
    </ClCompile>
    <ClCompile Include="Shader.cpp">
      <Filter>Source Files\sundile\System</Filter>
    </ClCompile>
    <ClCompile Include="Systems.cpp">
      <Filter>Source Files\sundile\ECS</Filter>
    </ClCompile>
    <ClCompile Include="Window.cpp">
      <Filter>Source Files\sundile\System</Filter>
    </ClCompile>
    <ClCompile Include="Model.cpp">
      <Filter>Source Files\sundile\System</Filter>
    </ClCompile>
    <ClCompile Include="Mesh.cpp">
      <Filter>Source Files\sundile\System</Filter>
    </ClCompile>
    <ClCompile Include="stb.cpp">
      <Filter>Source Files\ext</Filter>
    </ClCompile>
    <ClCompile Include="main.cpp">
      <Filter>Source Files</Filter>
    </ClCompile>
  </ItemGroup>
  <ItemGroup>
    <ClInclude Include="Renderer.h">
      <Filter>Header Files\sundile\System</Filter>
    </ClInclude>
    <ClInclude Include="Shader.h">
      <Filter>Header Files\sundile\System</Filter>
    </ClInclude>
    <ClInclude Include="Systems.h">
      <Filter>Header Files\sundile\ECS</Filter>
    </ClInclude>
    <ClInclude Include="Window.h">
      <Filter>Header Files\sundile\System</Filter>
    </ClInclude>
    <ClInclude Include="Model.h">
      <Filter>Header Files\sundile\System</Filter>
    </ClInclude>
    <ClInclude Include="Mesh.h">
      <Filter>Header Files\sundile\System</Filter>
    </ClInclude>
    <ClInclude Include="Common.h">
      <Filter>Header Files\sundile\System</Filter>
    </ClInclude>
    <ClInclude Include="Utility.h">
      <Filter>Header Files\sundile\System</Filter>
    </ClInclude>
    <ClInclude Include="cCamera.h">
      <Filter>Header Files\sundile\ECS\Components</Filter>
    </ClInclude>
    <ClInclude Include="cPhysics.h">
      <Filter>Header Files\sundile\ECS\Components</Filter>
    </ClInclude>
    <ClInclude Include="cVisible.h">
      <Filter>Header Files\sundile\ECS\Components</Filter>
    </ClInclude>
    <ClInclude Include="Components.h">
      <Filter>Header Files\sundile\ECS</Filter>
    </ClInclude>
    <ClInclude Include="ComponentHeaders.h">
      <Filter>Header Files\sundile\ECS</Filter>
    </ClInclude>
    <ClInclude Include="sundile.h">
      <Filter>Header Files\sundile</Filter>
    </ClInclude>
    <ClInclude Include="System.h">
      <Filter>Header Files\sundile\System</Filter>
    </ClInclude>
  </ItemGroup>
  <ItemGroup>
    <Text Include="ecs.md">
      <Filter>Resource Files\_notes</Filter>
    </Text>
    <Text Include="_ideas.txt">
      <Filter>Resource Files\_notes</Filter>
    </Text>
    <Text Include="_TODO.txt">
      <Filter>Resource Files\_notes</Filter>
    </Text>
    <Text Include="components.txt">
      <Filter>Resource Files\_notes</Filter>
    </Text>
  </ItemGroup>
  <ItemGroup>
    <None Include="shaders\yellow.frag">
      <Filter>Resource Files\0. Fragment Shaders</Filter>
    </None>
    <None Include="shaders\passthrough.vert">
      <Filter>Resource Files\1. Vertex Shaders</Filter>
    </None>
    <None Include="shaders\tex_diffuse1.frag">
      <Filter>Resource Files\0. Fragment Shaders</Filter>
    </None>
    <None Include="shaders\passthrough.frag">
      <Filter>Resource Files\0. Fragment Shaders</Filter>
    </None>
  </ItemGroup>
  <ItemGroup>
    <Image Include="textures\tex_crate.png">
      <Filter>Resource Files\a. Textures</Filter>
    </Image>
    <Image Include="textures\wall.jpg">
      <Filter>Resource Files\a. Textures</Filter>
    </Image>
  </ItemGroup>
</Project>